
Microsoft Visual Studio Solution File, Format Version 12.00
# Visual Studio Version 17
VisualStudioVersion = 17.4.33122.133
MinimumVisualStudioVersion = 10.0.40219.1
Project("{FAE04EC0-301F-11D3-BF4B-00C04F79EFBC}") = "ApiShoppingCart", "ApiShoppingCart.csproj", "{13AE589A-7EEC-41AF-A636-3E25B17D3FAA}"
EndProject
Global
	GlobalSection(SolutionConfigurationPlatforms) = preSolution
		Debug|Any CPU = Debug|Any CPU
		Release|Any CPU = Release|Any CPU
	EndGlobalSection
	GlobalSection(ProjectConfigurationPlatforms) = postSolution
		{13AE589A-7EEC-41AF-A636-3E25B17D3FAA}.Debug|Any CPU.ActiveCfg = Debug|Any CPU
		{13AE589A-7EEC-41AF-A636-3E25B17D3FAA}.Debug|Any CPU.Build.0 = Debug|Any CPU
		{13AE589A-7EEC-41AF-A636-3E25B17D3FAA}.Release|Any CPU.ActiveCfg = Release|Any CPU
		{13AE589A-7EEC-41AF-A636-3E25B17D3FAA}.Release|Any CPU.Build.0 = Release|Any CPU
	EndGlobalSection
	GlobalSection(SolutionProperties) = preSolution
		HideSolutionNode = FALSE
	EndGlobalSection
	GlobalSection(ExtensibilityGlobals) = postSolution
		SolutionGuid = {31A8790D-9857-489A-AF2A-123274D0D873}
	EndGlobalSection
EndGlobal
